// !$*UTF8*$!
{
	archiveVersion = 1;
	classes = {
	};
	objectVersion = 55;
	objects = {

/* Begin PBXBuildFile section */
		959DE4812890F9D400B4CA73 /* AppDelegate.swift in Sources */ = {isa = PBXBuildFile; fileRef = 959DE4802890F9D400B4CA73 /* AppDelegate.swift */; };
		959DE4832890F9D400B4CA73 /* SceneDelegate.swift in Sources */ = {isa = PBXBuildFile; fileRef = 959DE4822890F9D400B4CA73 /* SceneDelegate.swift */; };
		959DE4852890F9D400B4CA73 /* ViewController.swift in Sources */ = {isa = PBXBuildFile; fileRef = 959DE4842890F9D400B4CA73 /* ViewController.swift */; };
		959DE4882890F9D400B4CA73 /* Main.storyboard in Resources */ = {isa = PBXBuildFile; fileRef = 959DE4862890F9D400B4CA73 /* Main.storyboard */; };
		959DE48A2890F9D400B4CA73 /* Assets.xcassets in Resources */ = {isa = PBXBuildFile; fileRef = 959DE4892890F9D400B4CA73 /* Assets.xcassets */; };
		959DE48D2890F9D400B4CA73 /* LaunchScreen.storyboard in Resources */ = {isa = PBXBuildFile; fileRef = 959DE48B2890F9D400B4CA73 /* LaunchScreen.storyboard */; };
		959DE4962890FA6C00B4CA73 /* RxCocoa in Frameworks */ = {isa = PBXBuildFile; productRef = 959DE4952890FA6C00B4CA73 /* RxCocoa */; };
		959DE4982890FA6C00B4CA73 /* RxSwift in Frameworks */ = {isa = PBXBuildFile; productRef = 959DE4972890FA6C00B4CA73 /* RxSwift */; };
/* End PBXBuildFile section */

/* Begin PBXFileReference section */
		959DE47D2890F9D400B4CA73 /* MiniApp-RxSwift-Sample04.app */ = {isa = PBXFileReference; explicitFileType = wrapper.application; includeInIndex = 0; path = "MiniApp-RxSwift-Sample04.app"; sourceTree = BUILT_PRODUCTS_DIR; };
		959DE4802890F9D400B4CA73 /* AppDelegate.swift */ = {isa = PBXFileReference; lastKnownFileType = sourcecode.swift; path = AppDelegate.swift; sourceTree = "<group>"; };
		959DE4822890F9D400B4CA73 /* SceneDelegate.swift */ = {isa = PBXFileReference; lastKnownFileType = sourcecode.swift; path = SceneDelegate.swift; sourceTree = "<group>"; };
		959DE4842890F9D400B4CA73 /* ViewController.swift */ = {isa = PBXFileReference; lastKnownFileType = sourcecode.swift; path = ViewController.swift; sourceTree = "<group>"; };
		959DE4872890F9D400B4CA73 /* Base */ = {isa = PBXFileReference; lastKnownFileType = file.storyboard; name = Base; path = Base.lproj/Main.storyboard; sourceTree = "<group>"; };
		959DE4892890F9D400B4CA73 /* Assets.xcassets */ = {isa = PBXFileReference; lastKnownFileType = folder.assetcatalog; path = Assets.xcassets; sourceTree = "<group>"; };
		959DE48C2890F9D400B4CA73 /* Base */ = {isa = PBXFileReference; lastKnownFileType = file.storyboard; name = Base; path = Base.lproj/LaunchScreen.storyboard; sourceTree = "<group>"; };
		959DE48E2890F9D400B4CA73 /* Info.plist */ = {isa = PBXFileReference; lastKnownFileType = text.plist.xml; path = Info.plist; sourceTree = "<group>"; };
/* End PBXFileReference section */

/* Begin PBXFrameworksBuildPhase section */
		959DE47A2890F9D400B4CA73 /* Frameworks */ = {
			isa = PBXFrameworksBuildPhase;
			buildActionMask = 2147483647;
			files = (
				959DE4982890FA6C00B4CA73 /* RxSwift in Frameworks */,
				959DE4962890FA6C00B4CA73 /* RxCocoa in Frameworks */,
			);
			runOnlyForDeploymentPostprocessing = 0;
		};
/* End PBXFrameworksBuildPhase section */

/* Begin PBXGroup section */
		959DE4742890F9D400B4CA73 = {
			isa = PBXGroup;
			children = (
				959DE47F2890F9D400B4CA73 /* MiniApp-RxSwift-Sample04 */,
				959DE47E2890F9D400B4CA73 /* Products */,
			);
			sourceTree = "<group>";
		};
		959DE47E2890F9D400B4CA73 /* Products */ = {
			isa = PBXGroup;
			children = (
				959DE47D2890F9D400B4CA73 /* MiniApp-RxSwift-Sample04.app */,
			);
			name = Products;
			sourceTree = "<group>";
		};
		959DE47F2890F9D400B4CA73 /* MiniApp-RxSwift-Sample04 */ = {
			isa = PBXGroup;
			children = (
				959DE4802890F9D400B4CA73 /* AppDelegate.swift */,
				959DE4822890F9D400B4CA73 /* SceneDelegate.swift */,
				959DE4842890F9D400B4CA73 /* ViewController.swift */,
				959DE4862890F9D400B4CA73 /* Main.storyboard */,
				959DE4892890F9D400B4CA73 /* Assets.xcassets */,
				959DE48B2890F9D400B4CA73 /* LaunchScreen.storyboard */,
				959DE48E2890F9D400B4CA73 /* Info.plist */,
			);
			path = "MiniApp-RxSwift-Sample04";
			sourceTree = "<group>";
		};
/* End PBXGroup section */

/* Begin PBXNativeTarget section */
		959DE47C2890F9D400B4CA73 /* MiniApp-RxSwift-Sample04 */ = {
			isa = PBXNativeTarget;
			buildConfigurationList = 959DE4912890F9D400B4CA73 /* Build configuration list for PBXNativeTarget "MiniApp-RxSwift-Sample04" */;
			buildPhases = (
				959DE4792890F9D400B4CA73 /* Sources */,
				959DE47A2890F9D400B4CA73 /* Frameworks */,
				959DE47B2890F9D400B4CA73 /* Resources */,
			);
			buildRules = (
			);
			dependencies = (
			);
			name = "MiniApp-RxSwift-Sample04";
			packageProductDependencies = (
				959DE4952890FA6C00B4CA73 /* RxCocoa */,
				959DE4972890FA6C00B4CA73 /* RxSwift */,
			);
			productName = "MiniApp-RxSwift-Sample04";
			productReference = 959DE47D2890F9D400B4CA73 /* MiniApp-RxSwift-Sample04.app */;
			productType = "com.apple.product-type.application";
		};
/* End PBXNativeTarget section */

/* Begin PBXProject section */
		959DE4752890F9D400B4CA73 /* Project object */ = {
			isa = PBXProject;
			attributes = {
				BuildIndependentTargetsInParallel = 1;
				LastSwiftUpdateCheck = 1340;
				LastUpgradeCheck = 1340;
				TargetAttributes = {
					959DE47C2890F9D400B4CA73 = {
						CreatedOnToolsVersion = 13.4.1;
					};
				};
			};
			buildConfigurationList = 959DE4782890F9D400B4CA73 /* Build configuration list for PBXProject "MiniApp-RxSwift-Sample04" */;
			compatibilityVersion = "Xcode 13.0";
			developmentRegion = en;
			hasScannedForEncodings = 0;
			knownRegions = (
				en,
				Base,
			);
			mainGroup = 959DE4742890F9D400B4CA73;
			packageReferences = (
				959DE4942890FA6C00B4CA73 /* XCRemoteSwiftPackageReference "RxSwift" */,
			);
			productRefGroup = 959DE47E2890F9D400B4CA73 /* Products */;
			projectDirPath = "";
			projectRoot = "";
			targets = (
				959DE47C2890F9D400B4CA73 /* MiniApp-RxSwift-Sample04 */,
			);
		};
/* End PBXProject section */

/* Begin PBXResourcesBuildPhase section */
		959DE47B2890F9D400B4CA73 /* Resources */ = {
			isa = PBXResourcesBuildPhase;
			buildActionMask = 2147483647;
			files = (
				959DE48D2890F9D400B4CA73 /* LaunchScreen.storyboard in Resources */,
				959DE48A2890F9D400B4CA73 /* Assets.xcassets in Resources */,
				959DE4882890F9D400B4CA73 /* Main.storyboard in Resources */,
			);
			runOnlyForDeploymentPostprocessing = 0;
		};
/* End PBXResourcesBuildPhase section */

/* Begin PBXSourcesBuildPhase section */
		959DE4792890F9D400B4CA73 /* Sources */ = {
			isa = PBXSourcesBuildPhase;
			buildActionMask = 2147483647;
			files = (
				959DE4852890F9D400B4CA73 /* ViewController.swift in Sources */,
				959DE4812890F9D400B4CA73 /* AppDelegate.swift in Sources */,
				959DE4832890F9D400B4CA73 /* SceneDelegate.swift in Sources */,
			);
			runOnlyForDeploymentPostprocessing = 0;
		};
/* End PBXSourcesBuildPhase section */

/* Begin PBXVariantGroup section */
		959DE4862890F9D400B4CA73 /* Main.storyboard */ = {
			isa = PBXVariantGroup;
			children = (
				959DE4872890F9D400B4CA73 /* Base */,
			);
			name = Main.storyboard;
			sourceTree = "<group>";
		};
		959DE48B2890F9D400B4CA73 /* LaunchScreen.storyboard */ = {
			isa = PBXVariantGroup;
			children = (
				959DE48C2890F9D400B4CA73 /* Base */,
			);
			name = LaunchScreen.storyboard;
			sourceTree = "<group>";
		};
/* End PBXVariantGroup section */

/* Begin XCBuildConfiguration section */
		959DE48F2890F9D400B4CA73 /* Debug */ = {
			isa = XCBuildConfiguration;
			buildSettings = {
				ALWAYS_SEARCH_USER_PATHS = NO;
				CLANG_ANALYZER_NONNULL = YES;
				CLANG_ANALYZER_NUMBER_OBJECT_CONVERSION = YES_AGGRESSIVE;
				CLANG_CXX_LANGUAGE_STANDARD = "gnu++17";
				CLANG_ENABLE_MODULES = YES;
				CLANG_ENABLE_OBJC_ARC = YES;
				CLANG_ENABLE_OBJC_WEAK = YES;
				CLANG_WARN_BLOCK_CAPTURE_AUTORELEASING = YES;
				CLANG_WARN_BOOL_CONVERSION = YES;
				CLANG_WARN_COMMA = YES;
				CLANG_WARN_CONSTANT_CONVERSION = YES;
				CLANG_WARN_DEPRECATED_OBJC_IMPLEMENTATIONS = YES;
				CLANG_WARN_DIRECT_OBJC_ISA_USAGE = YES_ERROR;
				CLANG_WARN_DOCUMENTATION_COMMENTS = YES;
				CLANG_WARN_EMPTY_BODY = YES;
				CLANG_WARN_ENUM_CONVERSION = YES;
				CLANG_WARN_INFINITE_RECURSION = YES;
				CLANG_WARN_INT_CONVERSION = YES;
				CLANG_WARN_NON_LITERAL_NULL_CONVERSION = YES;
				CLANG_WARN_OBJC_IMPLICIT_RETAIN_SELF = YES;
				CLANG_WARN_OBJC_LITERAL_CONVERSION = YES;
				CLANG_WARN_OBJC_ROOT_CLASS = YES_ERROR;
				CLANG_WARN_QUOTED_INCLUDE_IN_FRAMEWORK_HEADER = YES;
				CLANG_WARN_RANGE_LOOP_ANALYSIS = YES;
				CLANG_WARN_STRICT_PROTOTYPES = YES;
				CLANG_WARN_SUSPICIOUS_MOVE = YES;
				CLANG_WARN_UNGUARDED_AVAILABILITY = YES_AGGRESSIVE;
				CLANG_WARN_UNREACHABLE_CODE = YES;
				CLANG_WARN__DUPLICATE_METHOD_MATCH = YES;
				COPY_PHASE_STRIP = NO;
				DEBUG_INFORMATION_FORMAT = dwarf;
				ENABLE_STRICT_OBJC_MSGSEND = YES;
				ENABLE_TESTABILITY = YES;
				GCC_C_LANGUAGE_STANDARD = gnu11;
				GCC_DYNAMIC_NO_PIC = NO;
				GCC_NO_COMMON_BLOCKS = YES;
				GCC_OPTIMIZATION_LEVEL = 0;
				GCC_PREPROCESSOR_DEFINITIONS = (
					"DEBUG=1",
					"$(inherited)",
				);
				GCC_WARN_64_TO_32_BIT_CONVERSION = YES;
				GCC_WARN_ABOUT_RETURN_TYPE = YES_ERROR;
				GCC_WARN_UNDECLARED_SELECTOR = YES;
				GCC_WARN_UNINITIALIZED_AUTOS = YES_AGGRESSIVE;
				GCC_WARN_UNUSED_FUNCTION = YES;
				GCC_WARN_UNUSED_VARIABLE = YES;
				IPHONEOS_DEPLOYMENT_TARGET = 15.5;
				MTL_ENABLE_DEBUG_INFO = INCLUDE_SOURCE;
				MTL_FAST_MATH = YES;
				ONLY_ACTIVE_ARCH = YES;
				SDKROOT = iphoneos;
				SWIFT_ACTIVE_COMPILATION_CONDITIONS = DEBUG;
				SWIFT_OPTIMIZATION_LEVEL = "-Onone";
			};
			name = Debug;
		};
		959DE4902890F9D400B4CA73 /* Release */ = {
			isa = XCBuildConfiguration;
			buildSettings = {
				ALWAYS_SEARCH_USER_PATHS = NO;
				CLANG_ANALYZER_NONNULL = YES;
				CLANG_ANALYZER_NUMBER_OBJECT_CONVERSION = YES_AGGRESSIVE;
				CLANG_CXX_LANGUAGE_STANDARD = "gnu++17";
				CLANG_ENABLE_MODULES = YES;
				CLANG_ENABLE_OBJC_ARC = YES;
				CLANG_ENABLE_OBJC_WEAK = YES;
				CLANG_WARN_BLOCK_CAPTURE_AUTORELEASING = YES;
				CLANG_WARN_BOOL_CONVERSION = YES;
				CLANG_WARN_COMMA = YES;
				CLANG_WARN_CONSTANT_CONVERSION = YES;
				CLANG_WARN_DEPRECATED_OBJC_IMPLEMENTATIONS = YES;
				CLANG_WARN_DIRECT_OBJC_ISA_USAGE = YES_ERROR;
				CLANG_WARN_DOCUMENTATION_COMMENTS = YES;
				CLANG_WARN_EMPTY_BODY = YES;
				CLANG_WARN_ENUM_CONVERSION = YES;
				CLANG_WARN_INFINITE_RECURSION = YES;
				CLANG_WARN_INT_CONVERSION = YES;
				CLANG_WARN_NON_LITERAL_NULL_CONVERSION = YES;
				CLANG_WARN_OBJC_IMPLICIT_RETAIN_SELF = YES;
				CLANG_WARN_OBJC_LITERAL_CONVERSION = YES;
				CLANG_WARN_OBJC_ROOT_CLASS = YES_ERROR;
				CLANG_WARN_QUOTED_INCLUDE_IN_FRAMEWORK_HEADER = YES;
				CLANG_WARN_RANGE_LOOP_ANALYSIS = YES;
				CLANG_WARN_STRICT_PROTOTYPES = YES;
				CLANG_WARN_SUSPICIOUS_MOVE = YES;
				CLANG_WARN_UNGUARDED_AVAILABILITY = YES_AGGRESSIVE;
				CLANG_WARN_UNREACHABLE_CODE = YES;
				CLANG_WARN__DUPLICATE_METHOD_MATCH = YES;
				COPY_PHASE_STRIP = NO;
				DEBUG_INFORMATION_FORMAT = "dwarf-with-dsym";
				ENABLE_NS_ASSERTIONS = NO;
				ENABLE_STRICT_OBJC_MSGSEND = YES;
				GCC_C_LANGUAGE_STANDARD = gnu11;
				GCC_NO_COMMON_BLOCKS = YES;
				GCC_WARN_64_TO_32_BIT_CONVERSION = YES;
				GCC_WARN_ABOUT_RETURN_TYPE = YES_ERROR;
				GCC_WARN_UNDECLARED_SELECTOR = YES;
				GCC_WARN_UNINITIALIZED_AUTOS = YES_AGGRESSIVE;
				GCC_WARN_UNUSED_FUNCTION = YES;
				GCC_WARN_UNUSED_VARIABLE = YES;
				IPHONEOS_DEPLOYMENT_TARGET = 15.5;
				MTL_ENABLE_DEBUG_INFO = NO;
				MTL_FAST_MATH = YES;
				SDKROOT = iphoneos;
				SWIFT_COMPILATION_MODE = wholemodule;
				SWIFT_OPTIMIZATION_LEVEL = "-O";
				VALIDATE_PRODUCT = YES;
			};
			name = Release;
		};
		959DE4922890F9D400B4CA73 /* Debug */ = {
			isa = XCBuildConfiguration;
			buildSettings = {
				ASSETCATALOG_COMPILER_APPICON_NAME = AppIcon;
				ASSETCATALOG_COMPILER_GLOBAL_ACCENT_COLOR_NAME = AccentColor;
				CODE_SIGN_STYLE = Automatic;
				CURRENT_PROJECT_VERSION = 1;
				DEVELOPMENT_TEAM = 7X9S244452;
				GENERATE_INFOPLIST_FILE = YES;
				INFOPLIST_FILE = "MiniApp-RxSwift-Sample04/Info.plist";
				INFOPLIST_KEY_UIApplicationSupportsIndirectInputEvents = YES;
				INFOPLIST_KEY_UILaunchStoryboardName = LaunchScreen;
				INFOPLIST_KEY_UIMainStoryboardFile = Main;
				INFOPLIST_KEY_UISupportedInterfaceOrientations_iPad = "UIInterfaceOrientationPortrait UIInterfaceOrientationPortraitUpsideDown UIInterfaceOrientationLandscapeLeft UIInterfaceOrientationLandscapeRight";
				INFOPLIST_KEY_UISupportedInterfaceOrientations_iPhone = "UIInterfaceOrientationPortrait UIInterfaceOrientationLandscapeLeft UIInterfaceOrientationLandscapeRight";
				LD_RUNPATH_SEARCH_PATHS = (
					"$(inherited)",
					"@executable_path/Frameworks",
				);
				MARKETING_VERSION = 1.0;
				PRODUCT_BUNDLE_IDENTIFIER = "com.mkondo.MiniApp-RxSwift-Sample04";
				PRODUCT_NAME = "$(TARGET_NAME)";
				SWIFT_EMIT_LOC_STRINGS = YES;
				SWIFT_VERSION = 5.0;
				TARGETED_DEVICE_FAMILY = "1,2";
			};
			name = Debug;
		};
		959DE4932890F9D400B4CA73 /* Release */ = {
			isa = XCBuildConfiguration;
			buildSettings = {
				ASSETCATALOG_COMPILER_APPICON_NAME = AppIcon;
				ASSETCATALOG_COMPILER_GLOBAL_ACCENT_COLOR_NAME = AccentColor;
				CODE_SIGN_STYLE = Automatic;
				CURRENT_PROJECT_VERSION = 1;
				DEVELOPMENT_TEAM = 7X9S244452;
				GENERATE_INFOPLIST_FILE = YES;
				INFOPLIST_FILE = "MiniApp-RxSwift-Sample04/Info.plist";
				INFOPLIST_KEY_UIApplicationSupportsIndirectInputEvents = YES;
				INFOPLIST_KEY_UILaunchStoryboardName = LaunchScreen;
				INFOPLIST_KEY_UIMainStoryboardFile = Main;
				INFOPLIST_KEY_UISupportedInterfaceOrientations_iPad = "UIInterfaceOrientationPortrait UIInterfaceOrientationPortraitUpsideDown UIInterfaceOrientationLandscapeLeft UIInterfaceOrientationLandscapeRight";
				INFOPLIST_KEY_UISupportedInterfaceOrientations_iPhone = "UIInterfaceOrientationPortrait UIInterfaceOrientationLandscapeLeft UIInterfaceOrientationLandscapeRight";
				LD_RUNPATH_SEARCH_PATHS = (
					"$(inherited)",
					"@executable_path/Frameworks",
				);
				MARKETING_VERSION = 1.0;
				PRODUCT_BUNDLE_IDENTIFIER = "com.mkondo.MiniApp-RxSwift-Sample04";
				PRODUCT_NAME = "$(TARGET_NAME)";
				SWIFT_EMIT_LOC_STRINGS = YES;
				SWIFT_VERSION = 5.0;
				TARGETED_DEVICE_FAMILY = "1,2";
			};
			name = Release;
		};
/* End XCBuildConfiguration section */

/* Begin XCConfigurationList section */
		959DE4782890F9D400B4CA73 /* Build configuration list for PBXProject "MiniApp-RxSwift-Sample04" */ = {
			isa = XCConfigurationList;
			buildConfigurations = (
				959DE48F2890F9D400B4CA73 /* Debug */,
				959DE4902890F9D400B4CA73 /* Release */,
			);
			defaultConfigurationIsVisible = 0;
			defaultConfigurationName = Release;
		};
		959DE4912890F9D400B4CA73 /* Build configuration list for PBXNativeTarget "MiniApp-RxSwift-Sample04" */ = {
			isa = XCConfigurationList;
			buildConfigurations = (
				959DE4922890F9D400B4CA73 /* Debug */,
				959DE4932890F9D400B4CA73 /* Release */,
			);
			defaultConfigurationIsVisible = 0;
			defaultConfigurationName = Release;
		};
/* End XCConfigurationList section */

/* Begin XCRemoteSwiftPackageReference section */
		959DE4942890FA6C00B4CA73 /* XCRemoteSwiftPackageReference "RxSwift" */ = {
			isa = XCRemoteSwiftPackageReference;
			repositoryURL = "https://github.com/ReactiveX/RxSwift";
			requirement = {
				branch = main;
				kind = branch;
			};
		};
/* End XCRemoteSwiftPackageReference section */

/* Begin XCSwiftPackageProductDependency section */
		959DE4952890FA6C00B4CA73 /* RxCocoa */ = {
			isa = XCSwiftPackageProductDependency;
			package = 959DE4942890FA6C00B4CA73 /* XCRemoteSwiftPackageReference "RxSwift" */;
			productName = RxCocoa;
		};
		959DE4972890FA6C00B4CA73 /* RxSwift */ = {
			isa = XCSwiftPackageProductDependency;
			package = 959DE4942890FA6C00B4CA73 /* XCRemoteSwiftPackageReference "RxSwift" */;
			productName = RxSwift;
		};
/* End XCSwiftPackageProductDependency section */
	};
	rootObject = 959DE4752890F9D400B4CA73 /* Project object */;
}
